
Microsoft Visual Studio Solution File, Format Version 12.00
# Visual Studio Version 16
VisualStudioVersion = 16.0.29613.14
MinimumVisualStudioVersion = 10.0.40219.1
Project("{FAE04EC0-301F-11D3-BF4B-00C04F79EFBC}") = "Advent of Code 1", "Advent of Code 1\Advent of Code 1.csproj", "{77E42597-85EB-4AAB-9C8C-CBD5D827A64B}"
EndProject
Global
	GlobalSection(SolutionConfigurationPlatforms) = preSolution
		Debug|Any CPU = Debug|Any CPU
		Release|Any CPU = Release|Any CPU
	EndGlobalSection
	GlobalSection(ProjectConfigurationPlatforms) = postSolution
		{77E42597-85EB-4AAB-9C8C-CBD5D827A64B}.Debug|Any CPU.ActiveCfg = Debug|Any CPU
		{77E42597-85EB-4AAB-9C8C-CBD5D827A64B}.Debug|Any CPU.Build.0 = Debug|Any CPU
		{77E42597-85EB-4AAB-9C8C-CBD5D827A64B}.Release|Any CPU.ActiveCfg = Release|Any CPU
		{77E42597-85EB-4AAB-9C8C-CBD5D827A64B}.Release|Any CPU.Build.0 = Release|Any CPU
	EndGlobalSection
	GlobalSection(SolutionProperties) = preSolution
		HideSolutionNode = FALSE
	EndGlobalSection
	GlobalSection(ExtensibilityGlobals) = postSolution
		SolutionGuid = {0136C67D-E3FF-4533-A68E-F0024CE3D7D9}
	EndGlobalSection
EndGlobal
